{
  "nodes": {
    "nixpkgs": {
      "locked": {
        "lastModified": 1789785513,
        "narHash": "sha256-B44WL6h0XoLjJ41bUPJk0X5SDinLCII//6EcBLXKiJ0=",
        "owner": "NixOS",
        "repo": "nixpkgs",
        "rev": "20b1ddd1aa5ace70c9468305030aa4f9ef79671b",
        "type": "github"
      },
      "original": {
        "owner": "NixOS",
        "repo": "nixpkgs",
        "rev": "20b1ddd1aa5ace70c9468305030aa4f9ef79671b",
        "type": "github"
      }
    },
    "root": {
      "inputs": {
        "nixpkgs": "nixpkgs",
        "rust-overlay": "rust-overlay"
      }
    },
    "rust-overlay": {
      "inputs": {
        "nixpkgs": [
          "nixpkgs"
        ]
      },
      "locked": {
        "lastModified": 1790321428,
        "narHash": "sha256-JQBGEZDY6up5yu0ehQeDDnjvsw7MP8d4AlaBd9RxZVI=",
        "owner": "oxalica",
        "repo": "rust-overlay",
        "rev": "84fb3c79e477d5e7ec4eff9c24dbc5d5c99b0fd1",
        "type": "github"
      },
      "original": {
        "owner": "oxalica",
        "repo": "rust-overlay",
        "rev": "84fb3c79e477d5e7ec4eff9c24dbc5d5c99b0fd1",
        "type": "github"
      }
    }
  },
  "root": "root",
  "version": 7
}
